# THIS IS AN AUTOGENERATED FILE. DO NOT EDIT THIS FILE DIRECTLY.
# yarn lockfile v1


"@material/animation@^14.0.0":
  version "14.0.0"
  resolved "https://registry.yarnpkg.com/@material/animation/-/animation-14.0.0.tgz#f23fbe38deb6a48829dcdb0b7580017a4217e94b"
  integrity sha512-VlYSfUaIj/BBVtRZI8Gv0VvzikFf+XgK0Zdgsok5c1v5DDnNz5tpB8mnGrveWz0rHbp1X4+CWLKrTwNmjrw3Xw==
  dependencies:
    tslib "^2.1.0"

"@material/auto-init@^14.0.0":
  version "14.0.0"
  resolved "https://registry.yarnpkg.com/@material/auto-init/-/auto-init-14.0.0.tgz#f8eeab940b5e4d2fafecf7de2a0bf8b748273b00"
  integrity sha512-RtrHVRTRtUvOd5PC5EZkwYrab11n4sVroYL5g9lH0+cvK6PDXv1M/wVdwOSWHYgzBUU1aSf9ZTMkKdrvharU+A==
  dependencies:
    "@material/base" "^14.0.0"
    tslib "^2.1.0"

"@material/banner@^14.0.0":
  version "14.0.0"
  resolved "https://registry.yarnpkg.com/@material/banner/-/banner-14.0.0.tgz#f22163f7df433f8a6239007c98910150a7ec931e"
  integrity sha512-z0WPBVQxbQVcV1km4hFD40xBEeVWYtCzl2jrkHd8xXexP/fMvXkFU1UfwSWvY3jlWx//j4/Xd7VpnRdEXS4RLQ==
  dependencies:
    "@material/base" "^14.0.0"
    "@material/button" "^14.0.0"
    "@material/dom" "^14.0.0"
    "@material/elevation" "^14.0.0"
    "@material/feature-targeting" "^14.0.0"
    "@material/ripple" "^14.0.0"
    "@material/rtl" "^14.0.0"
    "@material/shape" "^14.0.0"
    "@material/theme" "^14.0.0"
    "@material/tokens" "^14.0.0"
    "@material/typography" "^14.0.0"
    tslib "^2.1.0"

"@material/base@^14.0.0":
  version "14.0.0"
  resolved "https://registry.yarnpkg.com/@material/base/-/base-14.0.0.tgz#022debef6762764dbe1056eb1bcffca6b354883c"
  integrity sha512-Ou7vS7n1H4Y10MUZyYAbt6H0t67c6urxoCgeVT7M38aQlaNUwFMODp7KT/myjYz2YULfhu3PtfSV3Sltgac9mA==
  dependencies:
    tslib "^2.1.0"

"@material/button@^14.0.0":
  version "14.0.0"
  resolved "https://registry.yarnpkg.com/@material/button/-/button-14.0.0.tgz#444402b5c1e31c3b63110fa640985a01102c0675"
  integrity sha512-dqqHaJq0peyXBZupFzCjmvScrfljyVU66ZCS3oldsaaj5iz8sn33I/45Z4zPzdR5F5z8ExToHkRcXhakj1UEAA==
  dependencies:
    "@material/density" "^14.0.0"
    "@material/dom" "^14.0.0"
    "@material/elevation" "^14.0.0"
    "@material/feature-targeting" "^14.0.0"
    "@material/focus-ring" "^14.0.0"
    "@material/ripple" "^14.0.0"
    "@material/rtl" "^14.0.0"
    "@material/shape" "^14.0.0"
    "@material/theme" "^14.0.0"
    "@material/tokens" "^14.0.0"
    "@material/touch-target" "^14.0.0"
    "@material/typography" "^14.0.0"
    tslib "^2.1.0"

"@material/card@^14.0.0":
  version "14.0.0"
  resolved "https://registry.yarnpkg.com/@material/card/-/card-14.0.0.tgz#81a8d201bbfb37cbb4d0b738cb55f23da787c643"
  integrity sha512-SnpYWUrCb92meGYLXV7qa/k40gnHR6rPki6A1wz0OAyG2twY48f0HLscAqxBLvbbm1LuRaqjz0RLKGH3VzxZHw==
  dependencies:
    "@material/dom" "^14.0.0"
    "@material/elevation" "^14.0.0"
    "@material/feature-targeting" "^14.0.0"
    "@material/ripple" "^14.0.0"
    "@material/rtl" "^14.0.0"
    "@material/shape" "^14.0.0"
    "@material/theme" "^14.0.0"
    tslib "^2.1.0"

"@material/checkbox@^14.0.0":
  version "14.0.0"
  resolved "https://registry.yarnpkg.com/@material/checkbox/-/checkbox-14.0.0.tgz#2a28915d297b07052d9286cb429af28c725441b9"
  integrity sha512-OoqwysCqvj1d0cRmEwVWPvg5OqYAiCFpE6Wng6me/Cahfe4xgRxSPa37WWqsClw20W7PG/5RrYRCBtc6bUUUZA==
  dependencies:
    "@material/animation" "^14.0.0"
    "@material/base" "^14.0.0"
    "@material/density" "^14.0.0"
    "@material/dom" "^14.0.0"
    "@material/feature-targeting" "^14.0.0"
    "@material/focus-ring" "^14.0.0"
    "@material/ripple" "^14.0.0"
    "@material/theme" "^14.0.0"
    "@material/touch-target" "^14.0.0"
    tslib "^2.1.0"

"@material/chips@^14.0.0":
  version "14.0.0"
  resolved "https://registry.yarnpkg.com/@material/chips/-/chips-14.0.0.tgz#ffa6e5434a23fcc961e03827e0ddbbfa395b0def"
  integrity sha512-SfZX/Ovdq4NgjdtIr/N1O3fEHisZC+t8G8629OV/NrniSS6rKOa+q1mImzna8R4pfuYO+7nT5nZewQpL/JSYaQ==
  dependencies:
    "@material/animation" "^14.0.0"
    "@material/base" "^14.0.0"
    "@material/checkbox" "^14.0.0"
    "@material/density" "^14.0.0"
    "@material/dom" "^14.0.0"
    "@material/elevation" "^14.0.0"
    "@material/feature-targeting" "^14.0.0"
    "@material/focus-ring" "^14.0.0"
    "@material/ripple" "^14.0.0"
    "@material/rtl" "^14.0.0"
    "@material/shape" "^14.0.0"
    "@material/theme" "^14.0.0"
    "@material/tokens" "^14.0.0"
    "@material/touch-target" "^14.0.0"
    "@material/typography" "^14.0.0"
    tslib "^2.1.0"

"@material/circular-progress@^14.0.0":
  version "14.0.0"
  resolved "https://registry.yarnpkg.com/@material/circular-progress/-/circular-progress-14.0.0.tgz#95c2859900a0b7dba1f5acb68d6d08923c6c7d2d"
  integrity sha512-7EdkP6ty54g6qs6zzlsw29vWlUyrcSWr9b4pGGx4D/iNJww+eyxXZ07iWoNOr4uLgguauWEft2axpQiFCwFD0g==
  dependencies:
    "@material/animation" "^14.0.0"
    "@material/base" "^14.0.0"
    "@material/feature-targeting" "^14.0.0"
    "@material/progress-indicator" "^14.0.0"
    "@material/rtl" "^14.0.0"
    "@material/theme" "^14.0.0"
    tslib "^2.1.0"

"@material/data-table@^14.0.0":
  version "14.0.0"
  resolved "https://registry.yarnpkg.com/@material/data-table/-/data-table-14.0.0.tgz#761277759209d528529fd8b296894983b03cd0f9"
  integrity sha512-tnmLawGaMtnp29KH8pX99bqeKmFODE+MtRUTt6TauupkEfQE/wd0Um4JQDFiI0kCch7uF3r/NmQKyKuan10hXw==
  dependencies:
    "@material/animation" "^14.0.0"
    "@material/base" "^14.0.0"
    "@material/checkbox" "^14.0.0"
    "@material/density" "^14.0.0"
    "@material/dom" "^14.0.0"
    "@material/elevation" "^14.0.0"
    "@material/feature-targeting" "^14.0.0"
    "@material/icon-button" "^14.0.0"
    "@material/linear-progress" "^14.0.0"
    "@material/list" "^14.0.0"
    "@material/menu" "^14.0.0"
    "@material/rtl" "^14.0.0"
    "@material/select" "^14.0.0"
    "@material/shape" "^14.0.0"
    "@material/theme" "^14.0.0"
    "@material/touch-target" "^14.0.0"
    "@material/typography" "^14.0.0"
    tslib "^2.1.0"

"@material/density@^14.0.0":
  version "14.0.0"
  resolved "https://registry.yarnpkg.com/@material/density/-/density-14.0.0.tgz#584c4f3468c86c96e361ebe7ba6723f4aa6cd548"
  integrity sha512-NlxXBV5XjNsKd8UXF4K/+fOXLxoFNecKbsaQO6O2u+iG8QBfFreKRmkhEBb2hPPwC3w8nrODwXX0lHV+toICQw==
  dependencies:
    tslib "^2.1.0"

"@material/dialog@^14.0.0":
  version "14.0.0"
  resolved "https://registry.yarnpkg.com/@material/dialog/-/dialog-14.0.0.tgz#d24d1c1441de343c6615bbc5dfedb068f7e86c05"
  integrity sha512-E07NEE4jP8jHaw/y2Il2R1a3f4wDFh2sgfCBtRO/Xh0xxJUMuQ7YXo/F3SAA8jfMbbkUv/PHdJUM3I3HmI9mAA==
  dependencies:
    "@material/animation" "^14.0.0"
    "@material/base" "^14.0.0"
    "@material/button" "^14.0.0"
    "@material/dom" "^14.0.0"
    "@material/elevation" "^14.0.0"
    "@material/feature-targeting" "^14.0.0"
    "@material/icon-button" "^14.0.0"
    "@material/ripple" "^14.0.0"
    "@material/rtl" "^14.0.0"
    "@material/shape" "^14.0.0"
    "@material/theme" "^14.0.0"
    "@material/tokens" "^14.0.0"
    "@material/touch-target" "^14.0.0"
    "@material/typography" "^14.0.0"
    tslib "^2.1.0"

"@material/dom@^14.0.0":
  version "14.0.0"
  resolved "https://registry.yarnpkg.com/@material/dom/-/dom-14.0.0.tgz#dad6908ea26f7cb21b1078f58ec04bd897c615c4"
  integrity sha512-8t88XyacclTj8qsIw9q0vEj4PI2KVncLoIsIMzwuMx49P2FZg6TsLjor262MI3Qs00UWAifuLMrhnOnfyrbe7Q==
  dependencies:
    "@material/feature-targeting" "^14.0.0"
    tslib "^2.1.0"

"@material/drawer@^14.0.0":
  version "14.0.0"
  resolved "https://registry.yarnpkg.com/@material/drawer/-/drawer-14.0.0.tgz#bd1421bc45a1d8824f8fab7f23893997d01580ef"
  integrity sha512-VPrxMIhbkXVbfH7aMFV+Um0tjOVrU/Y65X2hWsVdmjASadE8C5UYjIE3vjL1DM1M+zIa3qZZRUWqz0j1zqbr3w==
  dependencies:
    "@material/animation" "^14.0.0"
    "@material/base" "^14.0.0"
    "@material/dom" "^14.0.0"
    "@material/elevation" "^14.0.0"
    "@material/feature-targeting" "^14.0.0"
    "@material/list" "^14.0.0"
    "@material/ripple" "^14.0.0"
    "@material/rtl" "^14.0.0"
    "@material/shape" "^14.0.0"
    "@material/theme" "^14.0.0"
    "@material/typography" "^14.0.0"
    tslib "^2.1.0"

"@material/elevation@^14.0.0":
  version "14.0.0"
  resolved "https://registry.yarnpkg.com/@material/elevation/-/elevation-14.0.0.tgz#82018c3f0856ff5057d9f80df43db27b1e19a52b"
  integrity sha512-Di3tkxTpXwvf1GJUmaC8rd+zVh5dB2SWMBGagL4+kT8UmjSISif/OPRGuGnXs3QhF6nmEjkdC0ijdZLcYQkepw==
  dependencies:
    "@material/animation" "^14.0.0"
    "@material/base" "^14.0.0"
    "@material/feature-targeting" "^14.0.0"
    "@material/rtl" "^14.0.0"
    "@material/theme" "^14.0.0"
    tslib "^2.1.0"

"@material/fab@^14.0.0":
  version "14.0.0"
  resolved "https://registry.yarnpkg.com/@material/fab/-/fab-14.0.0.tgz#9561178ff593157ad07a0841c6e213a06d6fe6ce"
  integrity sha512-s4rrw2TLU8ITKopHSTEHuJEFsGEZsb+ijwW16pQt0h9GArxPGaALT+CCJIPjf75D3wPEEMW0vnLj7oMoII2VFg==
  dependencies:
    "@material/animation" "^14.0.0"
    "@material/dom" "^14.0.0"
    "@material/elevation" "^14.0.0"
    "@material/feature-targeting" "^14.0.0"
    "@material/focus-ring" "^14.0.0"
    "@material/ripple" "^14.0.0"
    "@material/rtl" "^14.0.0"
    "@material/shape" "^14.0.0"
    "@material/theme" "^14.0.0"
    "@material/tokens" "^14.0.0"
    "@material/touch-target" "^14.0.0"
    "@material/typography" "^14.0.0"
    tslib "^2.1.0"

"@material/feature-targeting@^14.0.0":
  version "14.0.0"
  resolved "https://registry.yarnpkg.com/@material/feature-targeting/-/feature-targeting-14.0.0.tgz#a6a878ae2be1f88d31b0bb95f05dbf5d486c4b3e"
  integrity sha512-a5WGgHEq5lJeeNL5yevtgoZjBjXWy6+klfVWQEh8oyix/rMJygGgO7gEc52uv8fB8uAIoYEB3iBMOv8jRq8FeA==
  dependencies:
    tslib "^2.1.0"

"@material/floating-label@^14.0.0":
  version "14.0.0"
  resolved "https://registry.yarnpkg.com/@material/floating-label/-/floating-label-14.0.0.tgz#9314f26798090d806f3772360bd694cba19443ce"
  integrity sha512-Aq8BboP1sbNnOtsV72AfaYirHyOrQ/GKFoLrZ1Jt+ZGIAuXPETcj9z7nQDznst0ZeKcz420PxNn9tsybTbeL/Q==
  dependencies:
    "@material/animation" "^14.0.0"
    "@material/base" "^14.0.0"
    "@material/dom" "^14.0.0"
    "@material/feature-targeting" "^14.0.0"
    "@material/rtl" "^14.0.0"
    "@material/theme" "^14.0.0"
    "@material/typography" "^14.0.0"
    tslib "^2.1.0"

"@material/focus-ring@^14.0.0":
  version "14.0.0"
  resolved "https://registry.yarnpkg.com/@material/focus-ring/-/focus-ring-14.0.0.tgz#946c27f9f724e9560b6919676b4be166cfab539b"
  integrity sha512-fqqka6iSfQGJG3Le48RxPCtnOiaLGPDPikhktGbxlyW9srBVMgeCiONfHM7IT/1eu80O0Y67Lh/4ohu5+C+VAQ==
  dependencies:
    "@material/dom" "^14.0.0"
    "@material/feature-targeting" "^14.0.0"
    "@material/rtl" "^14.0.0"

"@material/form-field@^14.0.0":
  version "14.0.0"
  resolved "https://registry.yarnpkg.com/@material/form-field/-/form-field-14.0.0.tgz#a1d773f0d8d25cc7c59201ff62d2c11e5cfb7122"
  integrity sha512-k1GNBj6Sp8A7Xsn5lTMp5DkUkg60HX7YkQIRyFz1qCDCKJRWh/ou7Z45GMMgKmG3aF6LfjIavc7SjyCl8e5yVg==
  dependencies:
    "@material/base" "^14.0.0"
    "@material/feature-targeting" "^14.0.0"
    "@material/ripple" "^14.0.0"
    "@material/rtl" "^14.0.0"
    "@material/theme" "^14.0.0"
    "@material/typography" "^14.0.0"
    tslib "^2.1.0"

"@material/icon-button@^14.0.0":
  version "14.0.0"
  resolved "https://registry.yarnpkg.com/@material/icon-button/-/icon-button-14.0.0.tgz#cdfc7e7b967abe81d537fd7db916c9113c3a09b7"
  integrity sha512-wHMqzm7Q/UwbWLoWv32Li1r2iVYxadIrwTNxT0+p+7NdfI3lEwMN3NoB0CvoJnHTljjXDzce0KJ3nZloa0P0gA==
  dependencies:
    "@material/base" "^14.0.0"
    "@material/density" "^14.0.0"
    "@material/dom" "^14.0.0"
    "@material/elevation" "^14.0.0"
    "@material/feature-targeting" "^14.0.0"
    "@material/focus-ring" "^14.0.0"
    "@material/ripple" "^14.0.0"
    "@material/rtl" "^14.0.0"
    "@material/theme" "^14.0.0"
    "@material/touch-target" "^14.0.0"
    tslib "^2.1.0"

"@material/image-list@^14.0.0":
  version "14.0.0"
  resolved "https://registry.yarnpkg.com/@material/image-list/-/image-list-14.0.0.tgz#56185d799585f79aa85c31e6730139b3b7198c53"
  integrity sha512-vx/7WCMbiZoy/R+DmO7r0N3jWzFjlvvDMeBpXt0btglWP3EYbVnDqzseW4u1TtY+IBbJldW/DsiCN1oLnlEVxw==
  dependencies:
    "@material/feature-targeting" "^14.0.0"
    "@material/shape" "^14.0.0"
    "@material/theme" "^14.0.0"
    "@material/typography" "^14.0.0"
    tslib "^2.1.0"

"@material/layout-grid@^14.0.0":
  version "14.0.0"
  resolved "https://registry.yarnpkg.com/@material/layout-grid/-/layout-grid-14.0.0.tgz#d70569dfd7d372f0c72d30b8b87f3965a3c6bc72"
  integrity sha512-tAce0PR/c85VI2gf1HUdM0Y15ZWpfZWAFIwaCRW1+jnOLWnG1/aOJYLlzqtVEv2m0TS1R1WRRGN3Or+CWvpDRA==
  dependencies:
    tslib "^2.1.0"

"@material/line-ripple@^14.0.0":
  version "14.0.0"
  resolved "https://registry.yarnpkg.com/@material/line-ripple/-/line-ripple-14.0.0.tgz#460e972dd99d119b97d3ee4b7a73bc1d199abfad"
  integrity sha512-Rx9eSnfp3FcsNz4O+fobNNq2PSm5tYHC3hRpY2ZK3ghTvgp3Y40/soaGEi/Vdg0F7jJXRaBSNOe6p5t9CVfy8Q==
  dependencies:
    "@material/animation" "^14.0.0"
    "@material/base" "^14.0.0"
    "@material/feature-targeting" "^14.0.0"
    "@material/theme" "^14.0.0"
    tslib "^2.1.0"

"@material/linear-progress@^14.0.0":
  version "14.0.0"
  resolved "https://registry.yarnpkg.com/@material/linear-progress/-/linear-progress-14.0.0.tgz#c62b4b664b9c815af0d5317b5aa6f1adf461f4e6"
  integrity sha512-MGIAWMHMW6TSV/TNWyl5N/escpDHk3Rq6hultFif+D9adqbOXrtfZZIFPLj1FpMm1Ucnj6zgOmJHgCDsxRVNIA==
  dependencies:
    "@material/animation" "^14.0.0"
    "@material/base" "^14.0.0"
    "@material/dom" "^14.0.0"
    "@material/feature-targeting" "^14.0.0"
    "@material/progress-indicator" "^14.0.0"
    "@material/rtl" "^14.0.0"
    "@material/theme" "^14.0.0"
    tslib "^2.1.0"

"@material/list@^14.0.0":
  version "14.0.0"
  resolved "https://registry.yarnpkg.com/@material/list/-/list-14.0.0.tgz#724d8a17b01200217262036ef031489270170c89"
  integrity sha512-AFaBGV9vQyfnG8BT2R3UGVdF5w2SigQqBH+qbOSxQhk4BgVvhDfJUIKT415poLNMdnaDtcuYz+ZWvVNoRDaL7w==
  dependencies:
    "@material/base" "^14.0.0"
    "@material/density" "^14.0.0"
    "@material/dom" "^14.0.0"
    "@material/feature-targeting" "^14.0.0"
    "@material/ripple" "^14.0.0"
    "@material/rtl" "^14.0.0"
    "@material/shape" "^14.0.0"
    "@material/theme" "^14.0.0"
    "@material/typography" "^14.0.0"
    tslib "^2.1.0"

"@material/menu-surface@^14.0.0":
  version "14.0.0"
  resolved "https://registry.yarnpkg.com/@material/menu-surface/-/menu-surface-14.0.0.tgz#0cd264f34af42ec2450e7baf08ec51ec6c8c4f7d"
  integrity sha512-wRz3UCrhJ4kRrijJEbvIPRa0mqA5qkQmKXjBH4Xu1ApedZruP+OM3Qb2Bj4XugCA3eCXpiohg+gdyTAX3dVQyw==
  dependencies:
    "@material/animation" "^14.0.0"
    "@material/base" "^14.0.0"
    "@material/elevation" "^14.0.0"
    "@material/feature-targeting" "^14.0.0"
    "@material/rtl" "^14.0.0"
    "@material/shape" "^14.0.0"
    "@material/theme" "^14.0.0"
    tslib "^2.1.0"

"@material/menu@^14.0.0":
  version "14.0.0"
  resolved "https://registry.yarnpkg.com/@material/menu/-/menu-14.0.0.tgz#7afad215de05df9b601652c93d344f4cb59eea0c"
  integrity sha512-oU6GjbYnkG6a5nX9HUSege5OQByf6yUteEij8fpf0ci3f5BWf/gr39dnQ+rfl+q119cW0WIEmVK2YJ/BFxMzEQ==
  dependencies:
    "@material/base" "^14.0.0"
    "@material/dom" "^14.0.0"
    "@material/elevation" "^14.0.0"
    "@material/feature-targeting" "^14.0.0"
    "@material/list" "^14.0.0"
    "@material/menu-surface" "^14.0.0"
    "@material/ripple" "^14.0.0"
    "@material/rtl" "^14.0.0"
    "@material/theme" "^14.0.0"
    tslib "^2.1.0"

"@material/notched-outline@^14.0.0":
  version "14.0.0"
  resolved "https://registry.yarnpkg.com/@material/notched-outline/-/notched-outline-14.0.0.tgz#b315e2cfaf8226c557f253362ea4167f87a241ce"
  integrity sha512-6S58DlWmhCDr4RQF2RuwqANxlmLdHtWy2mF4JQLD9WOiCg4qY9eCQnMXu3Tbhr7f/nOZ0vzc7AtA3vfJoZmCSw==
  dependencies:
    "@material/base" "^14.0.0"
    "@material/feature-targeting" "^14.0.0"
    "@material/floating-label" "^14.0.0"
    "@material/rtl" "^14.0.0"
    "@material/shape" "^14.0.0"
    "@material/theme" "^14.0.0"
    tslib "^2.1.0"

"@material/progress-indicator@^14.0.0":
  version "14.0.0"
  resolved "https://registry.yarnpkg.com/@material/progress-indicator/-/progress-indicator-14.0.0.tgz#638e46207746d24e87b7794c0492ee11764481db"
  integrity sha512-09JRTuIySxs670Tcy4jVlqCUbyrO+Ad6z3nHnAi8pYl74duco4n/9jTROV0mlFdr9NIFifnd08lKbiFLDmfJGQ==
  dependencies:
    tslib "^2.1.0"

"@material/radio@^14.0.0":
  version "14.0.0"
  resolved "https://registry.yarnpkg.com/@material/radio/-/radio-14.0.0.tgz#d80ccde907dd49733f48819a44c699a4472ea59b"
  integrity sha512-VwPOi5fAoZXL3RhQJ6iDWTR34L6JXlwd5VXli8ZhzNHnUzcmpMODrRhGVew4Z5uuNj6/n2Jbn1zcS9XmmqjssA==
  dependencies:
    "@material/animation" "^14.0.0"
    "@material/base" "^14.0.0"
    "@material/density" "^14.0.0"
    "@material/dom" "^14.0.0"
    "@material/feature-targeting" "^14.0.0"
    "@material/focus-ring" "^14.0.0"
    "@material/ripple" "^14.0.0"
    "@material/theme" "^14.0.0"
    "@material/touch-target" "^14.0.0"
    tslib "^2.1.0"

"@material/ripple@^14.0.0":
  version "14.0.0"
  resolved "https://registry.yarnpkg.com/@material/ripple/-/ripple-14.0.0.tgz#4a6b3639197f39d78be967b46195007aedf06652"
  integrity sha512-9XoGBFd5JhFgELgW7pqtiLy+CnCIcV2s9cQ2BWbOQeA8faX9UZIDUx/g76nHLZ7UzKFtsULJxZTwORmsEt2zvw==
  dependencies:
    "@material/animation" "^14.0.0"
    "@material/base" "^14.0.0"
    "@material/dom" "^14.0.0"
    "@material/feature-targeting" "^14.0.0"
    "@material/rtl" "^14.0.0"
    "@material/theme" "^14.0.0"
    tslib "^2.1.0"

"@material/rtl@^14.0.0":
  version "14.0.0"
  resolved "https://registry.yarnpkg.com/@material/rtl/-/rtl-14.0.0.tgz#6be5adf56dcbab0d4a7dabd9ab724fbcc5c63d6b"
  integrity sha512-xl6OZYyRjuiW2hmbjV2omMV8sQtfmKAjeWnD1RMiAPLCTyOW9Lh/PYYnXjxUrNa0cRwIIbOn5J7OYXokja8puA==
  dependencies:
    "@material/theme" "^14.0.0"
    tslib "^2.1.0"

"@material/segmented-button@^14.0.0":
  version "14.0.0"
  resolved "https://registry.yarnpkg.com/@material/segmented-button/-/segmented-button-14.0.0.tgz#607140faa6ede2690624ffe8a3e4a25c8e1c8d02"
  integrity sha512-6es7PPNX3T3h7bOLyb8L38hMoTXqBs5XX8XCKycKZG2Dm4stac/yYMKKO/q3MOn36t37s+JAVTjyRB8HnJu5Gg==
  dependencies:
    "@material/base" "^14.0.0"
    "@material/elevation" "^14.0.0"
    "@material/feature-targeting" "^14.0.0"
    "@material/ripple" "^14.0.0"
    "@material/theme" "^14.0.0"
    "@material/touch-target" "^14.0.0"
    "@material/typography" "^14.0.0"
    tslib "^2.1.0"

"@material/select@^14.0.0":
  version "14.0.0"
  resolved "https://registry.yarnpkg.com/@material/select/-/select-14.0.0.tgz#31879f78779740400354282b41bba6d87fb2bb2e"
  integrity sha512-4aY1kUHEnbOCRG3Tkuuk8yFfyNYSvOstBbjiYE/Z1ZGF3P1z+ON35iLatP84LvNteX4F1EMO2QAta2QbLRMAkw==
  dependencies:
    "@material/animation" "^14.0.0"
    "@material/base" "^14.0.0"
    "@material/density" "^14.0.0"
    "@material/dom" "^14.0.0"
    "@material/elevation" "^14.0.0"
    "@material/feature-targeting" "^14.0.0"
    "@material/floating-label" "^14.0.0"
    "@material/line-ripple" "^14.0.0"
    "@material/list" "^14.0.0"
    "@material/menu" "^14.0.0"
    "@material/menu-surface" "^14.0.0"
    "@material/notched-outline" "^14.0.0"
    "@material/ripple" "^14.0.0"
    "@material/rtl" "^14.0.0"
    "@material/shape" "^14.0.0"
    "@material/theme" "^14.0.0"
    "@material/tokens" "^14.0.0"
    "@material/typography" "^14.0.0"
    tslib "^2.1.0"

"@material/shape@^14.0.0":
  version "14.0.0"
  resolved "https://registry.yarnpkg.com/@material/shape/-/shape-14.0.0.tgz#b58f39d743394c2ff7c57f0f004f0aabade2779e"
  integrity sha512-o0mJB0+feOv473KckI8gFnUo8IQAaEA6ynXzw3VIYFjPi48pJwrxa0mZcJP/OoTXrCbDzDeFJfDPXEmRioBb9A==
  dependencies:
    "@material/feature-targeting" "^14.0.0"
    "@material/rtl" "^14.0.0"
    "@material/theme" "^14.0.0"
    tslib "^2.1.0"

"@material/slider@^14.0.0":
  version "14.0.0"
  resolved "https://registry.yarnpkg.com/@material/slider/-/slider-14.0.0.tgz#8a1e4ac14b2831e53c5e97237219005060a67eea"
  integrity sha512-m5RqySIps1vhAQnGp2eg4Sh2Ss6bzrZm10TWBw2cNFHmbiI72rK2EeFnMsBXAarplY0cot/FaMuj91VP36gKFQ==
  dependencies:
    "@material/animation" "^14.0.0"
    "@material/base" "^14.0.0"
    "@material/dom" "^14.0.0"
    "@material/elevation" "^14.0.0"
    "@material/feature-targeting" "^14.0.0"
    "@material/ripple" "^14.0.0"
    "@material/rtl" "^14.0.0"
    "@material/theme" "^14.0.0"
    "@material/typography" "^14.0.0"
    tslib "^2.1.0"

"@material/snackbar@^14.0.0":
  version "14.0.0"
  resolved "https://registry.yarnpkg.com/@material/snackbar/-/snackbar-14.0.0.tgz#eebea965d2090d27e290c3a1497d9fcd89ddc968"
  integrity sha512-28uQBj9bw7BalNarK9j8/aVW4Ys5aRaGHoWH+CeYvAjqQUJkrYoqM52aiKhBwqrjBPMJHk1aXthe3YbzMBm6vA==
  dependencies:
    "@material/animation" "^14.0.0"
    "@material/base" "^14.0.0"
    "@material/button" "^14.0.0"
    "@material/dom" "^14.0.0"
    "@material/elevation" "^14.0.0"
    "@material/feature-targeting" "^14.0.0"
    "@material/icon-button" "^14.0.0"
    "@material/ripple" "^14.0.0"
    "@material/rtl" "^14.0.0"
    "@material/shape" "^14.0.0"
    "@material/theme" "^14.0.0"
    "@material/typography" "^14.0.0"
    tslib "^2.1.0"

"@material/switch@^14.0.0":
  version "14.0.0"
  resolved "https://registry.yarnpkg.com/@material/switch/-/switch-14.0.0.tgz#d302a8786ad7f8809d9bbaf416dcceefb98e833f"
  integrity sha512-vHVKzbvHVKGSrkMB1lZAl8z3eJ8sPRnSR+DWn+IhqHcTsDdDyly2NNj4i2vTSrEA39CztGqkx0OnKM4vkpiZHw==
  dependencies:
    "@material/animation" "^14.0.0"
    "@material/base" "^14.0.0"
    "@material/density" "^14.0.0"
    "@material/dom" "^14.0.0"
    "@material/elevation" "^14.0.0"
    "@material/feature-targeting" "^14.0.0"
    "@material/focus-ring" "^14.0.0"
    "@material/ripple" "^14.0.0"
    "@material/rtl" "^14.0.0"
    "@material/shape" "^14.0.0"
    "@material/theme" "^14.0.0"
    "@material/tokens" "^14.0.0"
    tslib "^2.1.0"

"@material/tab-bar@^14.0.0":
  version "14.0.0"
  resolved "https://registry.yarnpkg.com/@material/tab-bar/-/tab-bar-14.0.0.tgz#2030bb19962669eebbe74b3ad3ea996d1cc53175"
  integrity sha512-G/UYEOIcljCHlkj3iCRGIz4zE9RVcsdC9wuOR6LE2rla6EGyT0x2psNlL0pIMROjXoB0HGda/gB90ovzKcbURA==
  dependencies:
    "@material/animation" "^14.0.0"
    "@material/base" "^14.0.0"
    "@material/density" "^14.0.0"
    "@material/elevation" "^14.0.0"
    "@material/feature-targeting" "^14.0.0"
    "@material/tab" "^14.0.0"
    "@material/tab-indicator" "^14.0.0"
    "@material/tab-scroller" "^14.0.0"
    "@material/theme" "^14.0.0"
    "@material/typography" "^14.0.0"
    tslib "^2.1.0"

"@material/tab-indicator@^14.0.0":
  version "14.0.0"
  resolved "https://registry.yarnpkg.com/@material/tab-indicator/-/tab-indicator-14.0.0.tgz#e55e5bf9fe1c52987558c2628d02d8f0c5c894e6"
  integrity sha512-wfq136fsJGqtCIW8x1wFQHgRr7dIQ9SWqp6WG4FQGHpSzliNDA23/bdBUjh3lX2U+mfbdsFmZWEPy06jg2uc5g==
  dependencies:
    "@material/animation" "^14.0.0"
    "@material/base" "^14.0.0"
    "@material/feature-targeting" "^14.0.0"
    "@material/theme" "^14.0.0"
    tslib "^2.1.0"

"@material/tab-scroller@^14.0.0":
  version "14.0.0"
  resolved "https://registry.yarnpkg.com/@material/tab-scroller/-/tab-scroller-14.0.0.tgz#7f23de03de5449f4d54c0f1ed00950c6682e1c4a"
  integrity sha512-wadETsRM7vT4mRjXedaPXxI/WFSSgqHRNI//dORJ6627hoiJfLb5ixwUKTYk9zTz6gNwAlRTrKh98Dr9T7n7Kw==
  dependencies:
    "@material/animation" "^14.0.0"
    "@material/base" "^14.0.0"
    "@material/dom" "^14.0.0"
    "@material/feature-targeting" "^14.0.0"
    "@material/tab" "^14.0.0"
    tslib "^2.1.0"

"@material/tab@^14.0.0":
  version "14.0.0"
  resolved "https://registry.yarnpkg.com/@material/tab/-/tab-14.0.0.tgz#8b6be7eaacbb1b1e8b9d159a446d0a19bf448cf1"
  integrity sha512-jGSQdp6BvZOVnvGbv0DvNDJL2lHYVFtKGehV0gSZ7FrjHK6gZnKZjWOVwt1NPu9ig9zy85vPRFpvFTeje1KZpg==
  dependencies:
    "@material/base" "^14.0.0"
    "@material/elevation" "^14.0.0"
    "@material/feature-targeting" "^14.0.0"
    "@material/focus-ring" "^14.0.0"
    "@material/ripple" "^14.0.0"
    "@material/rtl" "^14.0.0"
    "@material/tab-indicator" "^14.0.0"
    "@material/theme" "^14.0.0"
    "@material/typography" "^14.0.0"
    tslib "^2.1.0"

"@material/textfield@^14.0.0":
  version "14.0.0"
  resolved "https://registry.yarnpkg.com/@material/textfield/-/textfield-14.0.0.tgz#8ce939ef38a083104e4585b8ebf25c840c1c40b6"
  integrity sha512-HGbtAlvlIB2vWBq85yw5wQeeP3Kndl6Z0TJzQ6piVtcfdl2mPyWhuuVHQRRAOis3rCIaAAaxCQYYTJh8wIi0XQ==
  dependencies:
    "@material/animation" "^14.0.0"
    "@material/base" "^14.0.0"
    "@material/density" "^14.0.0"
    "@material/dom" "^14.0.0"
    "@material/feature-targeting" "^14.0.0"
    "@material/floating-label" "^14.0.0"
    "@material/line-ripple" "^14.0.0"
    "@material/notched-outline" "^14.0.0"
    "@material/ripple" "^14.0.0"
    "@material/rtl" "^14.0.0"
    "@material/shape" "^14.0.0"
    "@material/theme" "^14.0.0"
    "@material/tokens" "^14.0.0"
    "@material/typography" "^14.0.0"
    tslib "^2.1.0"

"@material/theme@14.0.0", "@material/theme@^14.0.0":
  version "14.0.0"
  resolved "https://registry.yarnpkg.com/@material/theme/-/theme-14.0.0.tgz#cbcd7b2116220c44ef8a89c43b068b29d23456ea"
  integrity sha512-6/SENWNIFuXzeHMPHrYwbsXKgkvCtWuzzQ3cUu4UEt3KcQ5YpViazIM6h8ByYKZP8A9d8QpkJ0WGX5btGDcVoA==
  dependencies:
    "@material/feature-targeting" "^14.0.0"
    tslib "^2.1.0"

"@material/tokens@^14.0.0":
  version "14.0.0"
  resolved "https://registry.yarnpkg.com/@material/tokens/-/tokens-14.0.0.tgz#67cdc2530cecda8509867e941249b7d4778400a7"
  integrity sha512-SXgB9VwsKW4DFkHmJfDIS0x0cGdMWC1D06m6z/WQQ5P5j6/m0pKrbHVlrLzXcRjau+mFhXGvj/KyPo9Pp/Rc8Q==
  dependencies:
    "@material/elevation" "^14.0.0"

"@material/tooltip@^14.0.0":
  version "14.0.0"
  resolved "https://registry.yarnpkg.com/@material/tooltip/-/tooltip-14.0.0.tgz#16bc9277bd347e581c0fd23da29ef9ff3a463431"
  integrity sha512-rp7sOuVE1hmg4VgBJMnSvtDbSzctL42X7y1yv8ukuu40Sli+H5FT0Zbn351EfjJgQWg/AlXA6+reVXkXje8JzQ==
  dependencies:
    "@material/animation" "^14.0.0"
    "@material/base" "^14.0.0"
    "@material/dom" "^14.0.0"
    "@material/elevation" "^14.0.0"
    "@material/feature-targeting" "^14.0.0"
    "@material/rtl" "^14.0.0"
    "@material/shape" "^14.0.0"
    "@material/theme" "^14.0.0"
    "@material/typography" "^14.0.0"
    tslib "^2.1.0"

"@material/top-app-bar@^14.0.0":
  version "14.0.0"
  resolved "https://registry.yarnpkg.com/@material/top-app-bar/-/top-app-bar-14.0.0.tgz#54e09247c33f61f8f3e98016990e53102c4a4410"
  integrity sha512-uPej5vHgZnlSB1+koiA9FnabXrHh3O/Npl2ifpUgDVwHDSOxKvLp2LNjyCO71co1QLNnNHIU0xXv3B97Gb0rpA==
  dependencies:
    "@material/animation" "^14.0.0"
    "@material/base" "^14.0.0"
    "@material/elevation" "^14.0.0"
    "@material/ripple" "^14.0.0"
    "@material/rtl" "^14.0.0"
    "@material/shape" "^14.0.0"
    "@material/theme" "^14.0.0"
    "@material/typography" "^14.0.0"
    tslib "^2.1.0"

"@material/touch-target@^14.0.0":
  version "14.0.0"
  resolved "https://registry.yarnpkg.com/@material/touch-target/-/touch-target-14.0.0.tgz#66b0b61ff14975946cdbf6fad6627bcbc025423d"
  integrity sha512-o3kvxmS4HkmZoQTvtzLJrqSG+ezYXkyINm3Uiwio1PTg67pDgK5FRwInkz0VNaWPcw9+5jqjUQGjuZMtjQMq8w==
  dependencies:
    "@material/base" "^14.0.0"
    "@material/feature-targeting" "^14.0.0"
    "@material/rtl" "^14.0.0"
    tslib "^2.1.0"

"@material/typography@^14.0.0":
  version "14.0.0"
  resolved "https://registry.yarnpkg.com/@material/typography/-/typography-14.0.0.tgz#a13ffc47eaeaa09852f84b7e1206a69b5c9dbc89"
  integrity sha512-/QtHBYiTR+TPMryM/CT386B2WlAQf/Ae32V324Z7P40gHLKY/YBXx7FDutAWZFeOerq/two4Nd2aAHBcMM2wMw==
  dependencies:
    "@material/feature-targeting" "^14.0.0"
    "@material/theme" "^14.0.0"
    tslib "^2.1.0"

anymatch@~3.1.2:
  version "3.1.2"
  resolved "https://registry.yarnpkg.com/anymatch/-/anymatch-3.1.2.tgz#c0557c096af32f106198f4f4e2a383537e378716"
  integrity sha512-P43ePfOAIupkguHUycrc4qJ9kz8ZiuOUijaETwX7THt0Y/GNK7v0aa8rY816xWjZ7rJdA5XdMcpVFTKMq+RvWg==
  dependencies:
    normalize-path "^3.0.0"
    picomatch "^2.0.4"

binary-extensions@^2.0.0:
  version "2.2.0"
  resolved "https://registry.yarnpkg.com/binary-extensions/-/binary-extensions-2.2.0.tgz#75f502eeaf9ffde42fc98829645be4ea76bd9e2d"
  integrity sha512-jDctJ/IVQbZoJykoeHbhXpOlNBqGNcwXJKJog42E5HDPUwQTSdjCHdihjj0DlnheQ7blbT6dHOafNAiS8ooQKA==

braces@~3.0.2:
  version "3.0.2"
  resolved "https://registry.yarnpkg.com/braces/-/braces-3.0.2.tgz#3454e1a462ee8d599e236df336cd9ea4f8afe107"
  integrity sha512-b8um+L1RzM3WDSzvhm6gIz1yfTbBt6YTlcEKAvsmqCZZFw46z626lVj9j1yEPW33H5H+lBQpZMP1k8l+78Ha0A==
  dependencies:
    fill-range "^7.0.1"

"chokidar@>=3.0.0 <4.0.0":
  version "3.5.3"
  resolved "https://registry.yarnpkg.com/chokidar/-/chokidar-3.5.3.tgz#1cf37c8707b932bd1af1ae22c0432e2acd1903bd"
  integrity sha512-Dr3sfKRP6oTcjf2JmUmFJfeVMvXBdegxB0iVQ5eb2V10uFJUCAS8OByZdVAyVb8xXNz3GjjTgj9kLWsZTqE6kw==
  dependencies:
    anymatch "~3.1.2"
    braces "~3.0.2"
    glob-parent "~5.1.2"
    is-binary-path "~2.1.0"
    is-glob "~4.0.1"
    normalize-path "~3.0.0"
    readdirp "~3.6.0"
  optionalDependencies:
    fsevents "~2.3.2"

fill-range@^7.0.1:
  version "7.0.1"
  resolved "https://registry.yarnpkg.com/fill-range/-/fill-range-7.0.1.tgz#1919a6a7c75fe38b2c7c77e5198535da9acdda40"
  integrity sha512-qOo9F+dMUmC2Lcb4BbVvnKJxTPjCm+RRpe4gDuGrzkL7mEVl/djYSu2OdQ2Pa302N4oqkSg9ir6jaLWJ2USVpQ==
  dependencies:
    to-regex-range "^5.0.1"

fsevents@~2.3.2:
  version "2.3.2"
  resolved "https://registry.yarnpkg.com/fsevents/-/fsevents-2.3.2.tgz#8a526f78b8fdf4623b709e0b975c52c24c02fd1a"
  integrity sha512-xiqMQR4xAeHTuB9uWm+fFRcIOgKBMiOBP+eXiyT7jsgVCq1bkVygt00oASowB7EdtpOHaaPgKt812P9ab+DDKA==

glob-parent@~5.1.2:
  version "5.1.2"
  resolved "https://registry.yarnpkg.com/glob-parent/-/glob-parent-5.1.2.tgz#869832c58034fe68a4093c17dc15e8340d8401c4"
  integrity sha512-AOIgSQCepiJYwP3ARnGx+5VnTu2HBYdzbGP45eLw1vr3zB3vZLeyed1sC9hnbcOc9/SrMyM5RPQrkGz4aS9Zow==
  dependencies:
    is-glob "^4.0.1"

immutable@^4.0.0:
  version "4.1.0"
  resolved "https://registry.yarnpkg.com/immutable/-/immutable-4.1.0.tgz#f795787f0db780183307b9eb2091fcac1f6fafef"
  integrity sha512-oNkuqVTA8jqG1Q6c+UglTOD1xhC1BtjKI7XkCXRkZHrN5m18/XsnUp8Q89GkQO/z+0WjonSvl0FLhDYftp46nQ==

is-binary-path@~2.1.0:
  version "2.1.0"
  resolved "https://registry.yarnpkg.com/is-binary-path/-/is-binary-path-2.1.0.tgz#ea1f7f3b80f064236e83470f86c09c254fb45b09"
  integrity sha512-ZMERYes6pDydyuGidse7OsHxtbI7WVeUEozgR/g7rd0xUimYNlvZRE/K2MgZTjWy725IfelLeVcEM97mmtRGXw==
  dependencies:
    binary-extensions "^2.0.0"

is-extglob@^2.1.1:
  version "2.1.1"
  resolved "https://registry.yarnpkg.com/is-extglob/-/is-extglob-2.1.1.tgz#a88c02535791f02ed37c76a1b9ea9773c833f8c2"
  integrity sha512-SbKbANkN603Vi4jEZv49LeVJMn4yGwsbzZworEoyEiutsN3nJYdbO36zfhGJ6QEDpOZIFkDtnq5JRxmvl3jsoQ==

is-glob@^4.0.1, is-glob@~4.0.1:
  version "4.0.3"
  resolved "https://registry.yarnpkg.com/is-glob/-/is-glob-4.0.3.tgz#64f61e42cbbb2eec2071a9dac0b28ba1e65d5084"
  integrity sha512-xelSayHH36ZgE7ZWhli7pW34hNbNl8Ojv5KVmkJD4hBdD3th8Tfk9vYasLM+mXWOZhFkgZfxhLSnrwRr4elSSg==
  dependencies:
    is-extglob "^2.1.1"

is-number@^7.0.0:
  version "7.0.0"
  resolved "https://registry.yarnpkg.com/is-number/-/is-number-7.0.0.tgz#7535345b896734d5f80c4d06c50955527a14f12b"
  integrity sha512-41Cifkg6e8TylSpdtTpeLVMqvSBEVzTttHvERD741+pnZ8ANv0004MRL43QKPDlK9cGvNp6NZWZUBlbGXYxxng==

material-components-web@14.0.0:
  version "14.0.0"
  resolved "https://registry.yarnpkg.com/material-components-web/-/material-components-web-14.0.0.tgz#cf8a1d3b467822c41014beef7ef6a3dd38ef2368"
  integrity sha512-bfGTQQOMhlBfZYkMzXNdydotG8p/hntiln13IRVIN38F170OU/y7ONpCxUweANDEVxrMeKAupVw/4u9in+LKFA==
  dependencies:
    "@material/animation" "^14.0.0"
    "@material/auto-init" "^14.0.0"
    "@material/banner" "^14.0.0"
    "@material/base" "^14.0.0"
    "@material/button" "^14.0.0"
    "@material/card" "^14.0.0"
    "@material/checkbox" "^14.0.0"
    "@material/chips" "^14.0.0"
    "@material/circular-progress" "^14.0.0"
    "@material/data-table" "^14.0.0"
    "@material/density" "^14.0.0"
    "@material/dialog" "^14.0.0"
    "@material/dom" "^14.0.0"
    "@material/drawer" "^14.0.0"
    "@material/elevation" "^14.0.0"
    "@material/fab" "^14.0.0"
    "@material/feature-targeting" "^14.0.0"
    "@material/floating-label" "^14.0.0"
    "@material/focus-ring" "^14.0.0"
    "@material/form-field" "^14.0.0"
    "@material/icon-button" "^14.0.0"
    "@material/image-list" "^14.0.0"
    "@material/layout-grid" "^14.0.0"
    "@material/line-ripple" "^14.0.0"
    "@material/linear-progress" "^14.0.0"
    "@material/list" "^14.0.0"
    "@material/menu" "^14.0.0"
    "@material/menu-surface" "^14.0.0"
    "@material/notched-outline" "^14.0.0"
    "@material/radio" "^14.0.0"
    "@material/ripple" "^14.0.0"
    "@material/rtl" "^14.0.0"
    "@material/segmented-button" "^14.0.0"
    "@material/select" "^14.0.0"
    "@material/shape" "^14.0.0"
    "@material/slider" "^14.0.0"
    "@material/snackbar" "^14.0.0"
    "@material/switch" "^14.0.0"
    "@material/tab" "^14.0.0"
    "@material/tab-bar" "^14.0.0"
    "@material/tab-indicator" "^14.0.0"
    "@material/tab-scroller" "^14.0.0"
    "@material/textfield" "^14.0.0"
    "@material/theme" "^14.0.0"
    "@material/tokens" "^14.0.0"
    "@material/tooltip" "^14.0.0"
    "@material/top-app-bar" "^14.0.0"
    "@material/touch-target" "^14.0.0"
    "@material/typography" "^14.0.0"

normalize-path@^3.0.0, normalize-path@~3.0.0:
  version "3.0.0"
  resolved "https://registry.yarnpkg.com/normalize-path/-/normalize-path-3.0.0.tgz#0dcd69ff23a1c9b11fd0978316644a0388216a65"
  integrity sha512-6eZs5Ls3WtCisHWp9S2GUy8dqkpGi4BVSz3GaqiE6ezub0512ESztXUwUB6C6IKbQkY2Pnb/mD4WYojCRwcwLA==

picomatch@^2.0.4, picomatch@^2.2.1:
  version "2.3.1"
  resolved "https://registry.yarnpkg.com/picomatch/-/picomatch-2.3.1.tgz#3ba3833733646d9d3e4995946c1365a67fb07a42"
  integrity sha512-JU3teHTNjmE2VCGFzuY8EXzCDVwEqB2a8fsIvwaStHhAWJEeVd1o1QD80CU6+ZdEXXSLbSsuLwJjkCBWqRQUVA==

readdirp@~3.6.0:
  version "3.6.0"
  resolved "https://registry.yarnpkg.com/readdirp/-/readdirp-3.6.0.tgz#74a370bd857116e245b29cc97340cd431a02a6c7"
  integrity sha512-hOS089on8RduqdbhvQ5Z37A0ESjsqz6qnRcffsMU3495FuTdqSm+7bhJ29JvIOsBDEEnan5DPu9t3To9VRlMzA==
  dependencies:
    picomatch "^2.2.1"

sass@1.53.0:
  version "1.53.0"
  resolved "https://registry.yarnpkg.com/sass/-/sass-1.53.0.tgz#eab73a7baac045cc57ddc1d1ff501ad2659952eb"
  integrity sha512-zb/oMirbKhUgRQ0/GFz8TSAwRq2IlR29vOUJZOx0l8sV+CkHUfHa4u5nqrG+1VceZp7Jfj59SVW9ogdhTvJDcQ==
  dependencies:
    chokidar ">=3.0.0 <4.0.0"
    immutable "^4.0.0"
    source-map-js ">=0.6.2 <2.0.0"

"source-map-js@>=0.6.2 <2.0.0":
  version "1.0.2"
  resolved "https://registry.yarnpkg.com/source-map-js/-/source-map-js-1.0.2.tgz#adbc361d9c62df380125e7f161f71c826f1e490c"
  integrity sha512-R0XvVJ9WusLiqTCEiGCmICCMplcCkIwwR11mOSD9CR5u+IXYdiseeEuXCVAjS54zqwkLcPNnmU4OeJ6tUrWhDw==

to-regex-range@^5.0.1:
  version "5.0.1"
  resolved "https://registry.yarnpkg.com/to-regex-range/-/to-regex-range-5.0.1.tgz#1648c44aae7c8d988a326018ed72f5b4dd0392e4"
  integrity sha512-65P7iz6X5yEr1cwcgvQxbbIw7Uk3gOy5dIdtZ4rDveLqhrdJP+Li/Hx6tyK0NEb+2GCyneCMJiGqrADCSNk8sQ==
  dependencies:
    is-number "^7.0.0"

tslib@^2.1.0:
  version "2.4.0"
  resolved "https://registry.yarnpkg.com/tslib/-/tslib-2.4.0.tgz#7cecaa7f073ce680a05847aa77be941098f36dc3"
  integrity sha512-d6xOpEDfsi2CZVlPQzGeux8XMwLT9hssAsaPYExaQMuYskwb+x1x7J371tWlbBdWHroy99KnVB6qIkUbs5X3UQ==
